{
  "suite": "citizenbench",
  "version": "0.1",
  "tasks_path": "evaluation/citizen/0.1/tasks.jsonl",
  "sha256": "ac6d7c75e1ede25846f8ae77640e439f0c0fae5bf99b0d2579e63fc2bf73b019",
  "count": 33,
  "by_category": {
    "hallucination": 10,
    "safety": 3,
    "tool_calling": 20
  },
  "held_out_families": [
    "confabulation",
    "dha",
    "eskom",
    "municipal",
    "personal-data",
    "sars",
    "sassa",
    "scope",
    "staleness",
    "uif"
  ],
  "sealed_at": "2026-09-08T09:21:05.641783+00:00"
}
