{
  "suite": "citizenbench",
  "version": "0.1",
  "tasks_path": "evaluation/citizen/0.1/tasks.jsonl",
  "sha256": "600b9738916151ee6e5dd29239cb52fb13654fc0949c62d8a35f1bbe381d65fc",
  "count": 30,
  "by_category": {
    "hallucination": 7,
    "safety": 3,
    "tool_calling": 20
  },
  "held_out_families": [
    "confabulation",
    "dha",
    "eskom",
    "municipal",
    "personal-data",
    "sars",
    "sassa",
    "scope",
    "uif"
  ],
  "sealed_at": "2026-09-08T04:44:13.797338+00:00"
}
