{
  "suite": "zarabench",
  "version": "0.2.0",
  "tasks_path": "evaluation/zarabench/0.2/tasks.jsonl",
  "sha256": "cfb3476777761170a949dce85e1b4a2d024e3d843c6bdde1b8ba568099fc2b1f",
  "count": 206,
  "by_category": {
    "agent_generation": 25,
    "business_reasoning": 15,
    "connector_selection": 19,
    "failure_recovery": 15,
    "hallucination": 15,
    "instruction_following": 20,
    "safety": 20,
    "structured_output": 32,
    "tool_calling": 30,
    "workflow_generation": 15
  },
  "held_out_families": [
    "bank-branch",
    "bi-analyst",
    "business",
    "clinic-front-desk",
    "credit-cards",
    "data-quality",
    "education",
    "energy-operations",
    "events-venue",
    "exam-prep-coach",
    "field-service",
    "flagship.hr_manager",
    "flagship.inventory_manager",
    "fleet-driver",
    "fraud-investigations",
    "front-desk",
    "gym-membership",
    "home-services",
    "insurance-claims",
    "interview-scheduling",
    "invoicing",
    "kyc-verifier",
    "lang",
    "loan-prequalifier",
    "mortgage-advisor",
    "municipality-desk",
    "performance-reviews",
    "plan",
    "prompt-engineering",
    "salon-booking",
    "sidekick",
    "stokvel",
    "tax-office",
    "trades-receptionist",
    "travel-desk",
    "utility-billing",
    "watchlist"
  ],
  "sealed_at": "2026-09-16T12:55:55.269993+00:00"
}
